
Microsoft Visual Studio Solution File, Format Version 12.00
# Visual Studio Version 17
VisualStudioVersion = 17.6.33712.159
MinimumVisualStudioVersion = 10.0.40219.1
Project("{FAE04EC0-301F-11D3-BF4B-00C04F79EFBC}") = "BlazorApp1", "BlazorApp1.csproj", "{2DC091A9-D294-4551-A8D1-A7336E5E7BFE}"
EndProject
Global
	GlobalSection(SolutionConfigurationPlatforms) = preSolution
		Debug|Any CPU = Debug|Any CPU
		Release|Any CPU = Release|Any CPU
	EndGlobalSection
	GlobalSection(ProjectConfigurationPlatforms) = postSolution
		{2DC091A9-D294-4551-A8D1-A7336E5E7BFE}.Debug|Any CPU.ActiveCfg = Debug|Any CPU
		{2DC091A9-D294-4551-A8D1-A7336E5E7BFE}.Debug|Any CPU.Build.0 = Debug|Any CPU
		{2DC091A9-D294-4551-A8D1-A7336E5E7BFE}.Release|Any CPU.ActiveCfg = Release|Any CPU
		{2DC091A9-D294-4551-A8D1-A7336E5E7BFE}.Release|Any CPU.Build.0 = Release|Any CPU
	EndGlobalSection
	GlobalSection(SolutionProperties) = preSolution
		HideSolutionNode = FALSE
	EndGlobalSection
	GlobalSection(ExtensibilityGlobals) = postSolution
		SolutionGuid = {A5E4662F-2FF9-4547-9622-41A77342A673}
	EndGlobalSection
EndGlobal
